
Microsoft Visual Studio Solution File, Format Version 12.00
# Visual Studio Version 16
VisualStudioVersion = 16.0.30104.148
MinimumVisualStudioVersion = 10.0.40219.1
Project("{FAE04EC0-301F-11D3-BF4B-00C04F79EFBC}") = "Stream_18-05", "Stream_18-05.csproj", "{4F6D2834-F5F3-4735-8B54-BA60A627273D}"
EndProject
Global
	GlobalSection(SolutionConfigurationPlatforms) = preSolution
		Debug|Any CPU = Debug|Any CPU
		Release|Any CPU = Release|Any CPU
	EndGlobalSection
	GlobalSection(ProjectConfigurationPlatforms) = postSolution
		{4F6D2834-F5F3-4735-8B54-BA60A627273D}.Debug|Any CPU.ActiveCfg = Debug|Any CPU
		{4F6D2834-F5F3-4735-8B54-BA60A627273D}.Debug|Any CPU.Build.0 = Debug|Any CPU
		{4F6D2834-F5F3-4735-8B54-BA60A627273D}.Release|Any CPU.ActiveCfg = Release|Any CPU
		{4F6D2834-F5F3-4735-8B54-BA60A627273D}.Release|Any CPU.Build.0 = Release|Any CPU
	EndGlobalSection
	GlobalSection(SolutionProperties) = preSolution
		HideSolutionNode = FALSE
	EndGlobalSection
	GlobalSection(ExtensibilityGlobals) = postSolution
		SolutionGuid = {54F7E5C6-96CD-43A3-89CC-70526AAA30D1}
	EndGlobalSection
EndGlobal
